{
  "requires": true,
  "lockfileVersion": 1,
  "dependencies": {
    "@types/commander": {
      "version": "2.12.2",
      "resolved": "https://registry.npmjs.org/@types/commander/-/commander-2.12.2.tgz",
      "integrity": "sha512-0QEFiR8ljcHp9bAbWxecjVRuAMr16ivPiGOw6KFQBVrVd0RQIcM3xKdRisH2EDWgVWujiYtHwhSkSUoAAGzH7Q==",
      "dev": true,
      "requires": {
        "commander": "*"
      }
    },
    "@types/diff": {
      "version": "3.5.1",
      "resolved": "https://registry.npmjs.org/@types/diff/-/diff-3.5.1.tgz",
      "integrity": "sha512-nkT7bd/YM6QRDQjww8PYf0kOj1MvwxQ/WaCinj2Hm1HlL+JqGTm4cDoQeROfiWX/B3SNI1nyLLhLAQpp5sE3hw==",
      "dev": true
    },
    "@types/get-stdin": {
      "version": "5.0.1",
      "resolved": "https://registry.npmjs.org/@types/get-stdin/-/get-stdin-5.0.1.tgz",
      "integrity": "sha1-Rq+8rwnpT+Alr6B66ZSsMWitvfM=",
      "dev": true,
      "requires": {
        "@types/node": "*"
      }
    },
    "@types/node": {
      "version": "10.3.4",
      "resolved": "https://registry.npmjs.org/@types/node/-/node-10.3.4.tgz",
      "integrity": "sha512-YMLlzdeNnAyLrQew39IFRkMacAR5BqKGIEei9ZjdHsIZtv+ZWKYTu1i7QJhetxQ9ReXx8w5f+cixdHZG3zgMQA==",
      "dev": true
    },
    "commander": {
      "version": "2.15.1",
      "resolved": "https://registry.npmjs.org/commander/-/commander-2.15.1.tgz",
      "integrity": "sha512-VlfT9F3V0v+jr4yxPc5gg9s62/fIVWsd2Bk2iD435um1NlGMYdVCq+MjcXnhYq2icNOizHr1kK+5TI6H0Hy0ag==",
      "dev": true
    },
    "diff": {
      "version": "3.5.0",
      "resolved": "https://registry.npmjs.org/diff/-/diff-3.5.0.tgz",
      "integrity": "sha512-A46qtFgd+g7pDZinpnwiRJtxbC1hpgf0uzP3iG89scHk0AUC7A1TGxf5OiiOUv/JMZR8GOt8hL900hV0bOy5xA==",
      "dev": true
    },
    "get-stdin": {
      "version": "5.0.1",
      "resolved": "https://registry.npmjs.org/get-stdin/-/get-stdin-5.0.1.tgz",
      "integrity": "sha1-Ei4WFZHiH/TFJTAwVpPyDmOTo5g=",
      "dev": true
    },
    "lua-fmt": {
      "version": "2.6.0",
      "resolved": "https://registry.npmjs.org/lua-fmt/-/lua-fmt-2.6.0.tgz",
      "integrity": "sha1-75rAVz0dpzMNygnAIsOaM67TR6M=",
      "dev": true,
      "requires": {
        "@types/commander": "^2.3.31",
        "@types/diff": "^3.2.0",
        "@types/get-stdin": "^5.0.0",
        "commander": "^2.9.0",
        "diff": "^3.3.0",
        "get-stdin": "^5.0.1",
        "luaparse": "github:oxyc/luaparse#ac42a00ebf4020b8c9d3219e4b0f84bf7ce6e802"
      }
    },
    "luaparse": {
      "version": "github:oxyc/luaparse#ac42a00ebf4020b8c9d3219e4b0f84bf7ce6e802",
      "from": "github:oxyc/luaparse#ac42a00ebf4020b8c9d3219e4b0f84bf7ce6e802",
      "dev": true
    }
  }
}
